
Microsoft Visual Studio Solution File, Format Version 12.00
# Visual Studio 2013
VisualStudioVersion = 12.0.30501.0
MinimumVisualStudioVersion = 10.0.40219.1
Project("{FAE04EC0-301F-11D3-BF4B-00C04F79EFBC}") = "InterfaceInh1App", "InterfaceInh1App\InterfaceInh1App.csproj", "{98531AA3-64EF-45E5-AFD1-062B4EE0AE45}"
EndProject
Project("{2150E333-8FDC-42A3-9474-1A3956D46DE8}") = "Chapter07", "Chapter07", "{1EA1E9D0-49CF-4A6B-9DAC-F30CBB4767F9}"
EndProject
Project("{FAE04EC0-301F-11D3-BF4B-00C04F79EFBC}") = "InterfaceInh2App", "InterfaceInh2App\InterfaceInh2App.csproj", "{23055C57-7C61-4E09-87A6-10EE9716E616}"
EndProject
Project("{FAE04EC0-301F-11D3-BF4B-00C04F79EFBC}") = "InterfaceInh3App", "InterfaceInh3App\InterfaceInh3App.csproj", "{9A513463-A0D4-4EE8-8634-B01F7FA6CD8C}"
EndProject
Project("{FAE04EC0-301F-11D3-BF4B-00C04F79EFBC}") = "CombiningInterfaceApp", "CombiningInterfaceApp\CombiningInterfaceApp.csproj", "{8960B5EB-E4DD-4E18-81D1-53952B71488D}"
EndProject
Project("{2150E333-8FDC-42A3-9474-1A3956D46DE8}") = "Chapter08", "Chapter08", "{E320C577-DBA2-441D-A8BF-7FD8E9820600}"
EndProject
Project("{FAE04EC0-301F-11D3-BF4B-00C04F79EFBC}") = "TypeOfApp", "TypeOfApp\TypeOfApp.csproj", "{E1A90A9B-6384-4F0E-94BA-BF592550AD91}"
EndProject
Project("{FAE04EC0-301F-11D3-BF4B-00C04F79EFBC}") = "SizeOfBasicTypesApp", "SizeOfBasicTypesApp\SizeOfBasicTypesApp.csproj", "{46B106B4-D3C7-4C35-9DCC-B03101FA0957}"
EndProject
Project("{FAE04EC0-301F-11D3-BF4B-00C04F79EFBC}") = "SizeOfCustomTypesApp", "SizeOfCustomTypesApp\SizeOfCustomTypesApp.csproj", "{8DA4F8A4-3B65-488B-A68C-3EF1AF1AF9A0}"
EndProject
Project("{FAE04EC0-301F-11D3-BF4B-00C04F79EFBC}") = "RefTest2App", "RefTest2App\RefTest2App.csproj", "{9E56E881-88C6-4498-A232-650BA10964A2}"
EndProject
Project("{2150E333-8FDC-42A3-9474-1A3956D46DE8}") = "Chapter09", "Chapter09", "{09F5E02F-E0BB-435E-BCEC-1640A569EE68}"
EndProject
Project("{FAE04EC0-301F-11D3-BF4B-00C04F79EFBC}") = "Payment", "Payment\Payment.csproj", "{41029A02-D645-4584-B6A6-7EF32AAC1FD6}"
EndProject
Project("{2150E333-8FDC-42A3-9474-1A3956D46DE8}") = "Chapter10", "Chapter10", "{96EE4AAC-45AB-4026-BED2-00822DD29476}"
EndProject
Project("{FAE04EC0-301F-11D3-BF4B-00C04F79EFBC}") = "NumParsingApp", "NumParsingApp\NumParsingApp.csproj", "{E4DCAF04-EEC2-419A-9C1F-F62D9085CBA3}"
EndProject
Project("{FAE04EC0-301F-11D3-BF4B-00C04F79EFBC}") = "StringExApp", "StringEx\StringExApp.csproj", "{93430A9C-517D-4753-8B00-5503E13A1563}"
EndProject
Project("{FAE04EC0-301F-11D3-BF4B-00C04F79EFBC}") = "StringInterningApp", "StringInterningApp\StringInterningApp.csproj", "{AB83267F-740D-41F6-9334-ACB24B94C577}"
EndProject
Project("{FAE04EC0-301F-11D3-BF4B-00C04F79EFBC}") = "SplitRegExApp", "SplitRegExApp\SplitRegExApp.csproj", "{1914C780-2D7F-448C-89A8-0ADD32433ACB}"
EndProject
Project("{FAE04EC0-301F-11D3-BF4B-00C04F79EFBC}") = "GroupingApp", "GroupingApp\GroupingApp.csproj", "{D73567FE-F6F4-45A8-A546-B9C4A1372264}"
EndProject
Project("{FAE04EC0-301F-11D3-BF4B-00C04F79EFBC}") = "RXmodifyingApp", "RXmodifyingApp\RXmodifyingApp.csproj", "{BF071E3C-A5AA-4BBA-9C77-4184640CB6B0}"
EndProject
Project("{FAE04EC0-301F-11D3-BF4B-00C04F79EFBC}") = "RXProperCaseApp", "RXProperCaseApp\RXProperCaseApp.csproj", "{130476B9-5025-412A-A4E1-78B2FFBC9580}"
EndProject
Project("{FAE04EC0-301F-11D3-BF4B-00C04F79EFBC}") = "RXOptionsApp", "RXOptionsApp\RXOptionsApp.csproj", "{45B7004B-4B30-4E96-B122-132E037BEF30}"
EndProject
Project("{FAE04EC0-301F-11D3-BF4B-00C04F79EFBC}") = "RXassemblyApp", "RXassemblyApp\RXassemblyApp.csproj", "{18E50EAE-544B-4568-A1C3-D54A8B0AC288}"
EndProject
Project("{2150E333-8FDC-42A3-9474-1A3956D46DE8}") = "Chapter11", "Chapter11", "{8EAEA0D7-D3D9-429C-A013-2F221C187F42}"
EndProject
Project("{FAE04EC0-301F-11D3-BF4B-00C04F79EFBC}") = "StreamsIOApp", "StreamsIOApp\StreamsIOApp.csproj", "{3BB5E6C0-1057-410B-BA6B-22F16EA084EC}"
EndProject
Project("{FAE04EC0-301F-11D3-BF4B-00C04F79EFBC}") = "ReadWriteApp", "ReadWriteApp\ReadWriteApp.csproj", "{C36CB808-9FE2-4FBA-9246-226387AADABC}"
EndProject
Project("{FAE04EC0-301F-11D3-BF4B-00C04F79EFBC}") = "MemStreamApp", "MemStreamApp\MemStreamApp.csproj", "{5B72BD0A-9FEE-434F-8620-E695C8F84995}"
EndProject
Project("{FAE04EC0-301F-11D3-BF4B-00C04F79EFBC}") = "BufStreamApp", "BufStreamApp\BufStreamApp.csproj", "{7DBDEFB1-89C0-427A-90EB-5AF02AC2118D}"
EndProject
Project("{FAE04EC0-301F-11D3-BF4B-00C04F79EFBC}") = "StringReadWriteApp", "StringReadWriteApp\StringReadWriteApp.csproj", "{3DCC4A68-43B0-4D5E-9467-0BE5B993CFD3}"
EndProject
Project("{FAE04EC0-301F-11D3-BF4B-00C04F79EFBC}") = "BinReadWriteApp", "BinReadWriteApp\BinReadWriteApp.csproj", "{FFE810AD-3880-47F7-A229-07EC5E90E00C}"
EndProject
Project("{FAE04EC0-301F-11D3-BF4B-00C04F79EFBC}") = "DirInfoApp", "DirInfoApp\DirInfoApp.csproj", "{590FA547-91E5-4693-BFF6-90A931ACCA0A}"
EndProject
Project("{FAE04EC0-301F-11D3-BF4B-00C04F79EFBC}") = "FileFileInfoApp", "FileFileInfoApp\FileFileInfoApp.csproj", "{F0C16C7B-CD89-4896-AE1D-C1F39881B8BC}"
EndProject
Project("{FAE04EC0-301F-11D3-BF4B-00C04F79EFBC}") = "TestPathApp", "TestPathApp\TestPathApp.csproj", "{E788C3C4-D7F6-4386-98C4-53B7535EC543}"
EndProject
Project("{FAE04EC0-301F-11D3-BF4B-00C04F79EFBC}") = "FileDialogApp", "FileDialogApp\FileDialogApp.csproj", "{7B271ECA-6FF2-42F0-A0AC-4524E52B31C1}"
EndProject
Project("{FAE04EC0-301F-11D3-BF4B-00C04F79EFBC}") = "WebPagesApp", "WebPagesApp\WebPagesApp.csproj", "{6456E00F-9996-4C0B-B134-5AB976316DC8}"
EndProject
Project("{FAE04EC0-301F-11D3-BF4B-00C04F79EFBC}") = "SerializeApp", "SerializeApp\SerializeApp.csproj", "{68BB9C08-0AD6-498D-B7CD-26C8331D1C51}"
EndProject
Project("{FAE04EC0-301F-11D3-BF4B-00C04F79EFBC}") = "SerializeRawXMLApp", "SerializeRawXMLApp\SerializeRawXMLApp.csproj", "{810019DC-1C30-4157-8274-F329C1719EEF}"
EndProject
Project("{FAE04EC0-301F-11D3-BF4B-00C04F79EFBC}") = "ImpISerialApp", "ImpISerialApp\ImpISerialApp.csproj", "{896FA4AB-8885-4A19-A933-EC5465DADB8B}"
EndProject
Project("{2150E333-8FDC-42A3-9474-1A3956D46DE8}") = "Chapter12", "Chapter12", "{4485587F-8C38-482B-9482-8D242DA33173}"
EndProject
Project("{FAE04EC0-301F-11D3-BF4B-00C04F79EFBC}") = "RethrowExample", "RethrowExample\RethrowExample.csproj", "{0A658E85-2765-4975-B66F-8E633081E34A}"
EndProject
Project("{FAE04EC0-301F-11D3-BF4B-00C04F79EFBC}") = "Retry", "Retry\Retry.csproj", "{2069E937-A54C-4839-BC38-C3414C8CB088}"
EndProject
Project("{FAE04EC0-301F-11D3-BF4B-00C04F79EFBC}") = "ThrowExceptionApp", "ThrowExceptionApp\ThrowExceptionApp.csproj", "{991C2380-E08C-422F-B4CA-C8C602D3DCDC}"
EndProject
Project("{FAE04EC0-301F-11D3-BF4B-00C04F79EFBC}") = "InnerException", "InnerException\InnerException.csproj", "{8ED622DE-1B67-4731-9FD9-80D3E77F13B2}"
EndProject
Project("{FAE04EC0-301F-11D3-BF4B-00C04F79EFBC}") = "ThrowException3", "ThrowException3\ThrowException3.csproj", "{8405BBE0-1BD5-4423-A017-DD0F7F1B8EA7}"
EndProject
Project("{FAE04EC0-301F-11D3-BF4B-00C04F79EFBC}") = "StackTraceTestApp", "StackTraceTestApp\StackTraceTestApp.csproj", "{2E919AEB-FAF4-4BC5-AD1F-53D548FECC29}"
EndProject
Project("{FAE04EC0-301F-11D3-BF4B-00C04F79EFBC}") = "DerivedExceptionApp", "DerivedExceptionApp\DerivedExceptionApp.csproj", "{DB12FC87-BF3F-4731-8732-C0D0A0AC45FD}"
EndProject
Project("{FAE04EC0-301F-11D3-BF4B-00C04F79EFBC}") = "FinallyExample", "FinallyExample\FinallyExample.csproj", "{81ECC59E-C53F-4646-ABB4-1F4778FD2AB6}"
EndProject
Project("{FAE04EC0-301F-11D3-BF4B-00C04F79EFBC}") = "WhenToCatchApp", "WhenToCatchApp\WhenToCatchApp.csproj", "{1254DAAE-6E8A-4756-84E2-7AA8E59EA19D}"
EndProject
Project("{2150E333-8FDC-42A3-9474-1A3956D46DE8}") = "Chapter13", "Chapter13", "{20346CD6-CBE6-4FF9-9411-5D43C9E46D10}"
EndProject
Project("{FAE04EC0-301F-11D3-BF4B-00C04F79EFBC}") = "InvoiceAddApp", "InvoiceAddApp\InvoiceAddApp.csproj", "{3AFB8DCE-A181-4834-BBEC-4F7C56821BF6}"
EndProject
Project("{FAE04EC0-301F-11D3-BF4B-00C04F79EFBC}") = "GradientFill", "GradientFill\GradientFill.csproj", "{C204028F-2D18-477A-9AB8-6A541B94E0C4}"
EndProject
Project("{FAE04EC0-301F-11D3-BF4B-00C04F79EFBC}") = "Temp1App", "Temp1App\Temp1App.csproj", "{2BA4AE8A-F111-4CE6-A5B6-B86966479727}"
EndProject
Project("{FAE04EC0-301F-11D3-BF4B-00C04F79EFBC}") = "Temp2App", "Temp2App\Temp2App.csproj", "{85E8E1E0-C4FC-4780-9AA9-18923BB9F343}"
EndProject
Project("{FAE04EC0-301F-11D3-BF4B-00C04F79EFBC}") = "TriStateApp", "TriStateApp\TriStateApp.csproj", "{23E2D69A-8640-4AAB-B46A-A86D635784E5}"
EndProject
Project("{FAE04EC0-301F-11D3-BF4B-00C04F79EFBC}") = "TriState2App", "TriState2App\TriState2App.csproj", "{131DBD69-0DD8-4331-A05B-F9A64BAD1057}"
EndProject
Project("{2150E333-8FDC-42A3-9474-1A3956D46DE8}") = "Chapter14", "Chapter14", "{B448F3DD-F49B-43BE-80A9-48BAE4650C32}"
EndProject
Project("{FAE04EC0-301F-11D3-BF4B-00C04F79EFBC}") = "InstanceDelegate", "InstanceDelegate\InstanceDelegate.csproj", "{CAFC5E1E-8583-4258-99D1-1B3663A7FFB5}"
EndProject
Project("{FAE04EC0-301F-11D3-BF4B-00C04F79EFBC}") = "StaticDelegate", "StaticDelegate\StaticDelegate.csproj", "{7C0A0139-F548-43D2-A9B7-FD9ED40BD08A}"
EndProject
Project("{FAE04EC0-301F-11D3-BF4B-00C04F79EFBC}") = "DelegateProperty", "DelegateProperty\DelegateProperty.csproj", "{8C9D393B-4532-4679-B325-BB73443C0C40}"
EndProject
Project("{FAE04EC0-301F-11D3-BF4B-00C04F79EFBC}") = "CompositeDelegate", "CompositeDelegate\CompositeDelegate.csproj", "{86EB13FC-DF18-4665-A239-82F7DD3D4AC8}"
EndProject
Project("{FAE04EC0-301F-11D3-BF4B-00C04F79EFBC}") = "CompositeDelegatejustification", "CompositeDelegatejustification\CompositeDelegatejustification.csproj", "{811C301D-CFDC-4E7A-AE0B-9710DBE96EA9}"
EndProject
Project("{FAE04EC0-301F-11D3-BF4B-00C04F79EFBC}") = "DelegateEvents", "DelegateEvents\DelegateEvents.csproj", "{F8DBC3DA-AF40-4A39-B8F7-5DA9057FB83C}"
EndProject
Project("{2150E333-8FDC-42A3-9474-1A3956D46DE8}") = "Chapter15", "Chapter15", "{FC4FA8BB-4C7B-4A67-A708-964CA34605B9}"
EndProject
Project("{FAE04EC0-301F-11D3-BF4B-00C04F79EFBC}") = "SimpleXML", "SimpleXML\SimpleXML.csproj", "{8078475B-4A9A-439F-8715-720D3C750E3E}"
EndProject
Project("{2150E333-8FDC-42A3-9474-1A3956D46DE8}") = "Chapter17", "Chapter17", "{B25DD0DB-1067-419B-BA0C-5FDF6F3C359C}"
EndProject
Project("{FAE04EC0-301F-11D3-BF4B-00C04F79EFBC}") = "CombinedEnumerator", "CombinedEnumerator\CombinedEnumerator.csproj", "{DCACF717-407D-4B08-8D4D-99B20CD54020}"
EndProject
Project("{FAE04EC0-301F-11D3-BF4B-00C04F79EFBC}") = "ValueTypePerf1", "ValueTypePerf1\ValueTypePerf1.csproj", "{A96311F2-25E5-4AAE-87DA-429C9EDE347C}"
EndProject
Project("{FAE04EC0-301F-11D3-BF4B-00C04F79EFBC}") = "ValueTypePerf2", "ValueTypePerf2\ValueTypePerf2.csproj", "{BE889A4E-1617-48CD-BC54-E83FD67A0DFA}"
EndProject
Project("{FAE04EC0-301F-11D3-BF4B-00C04F79EFBC}") = "ValueTypePerf3", "ValueTypePerf3\ValueTypePerf3.csproj", "{5ACE87E9-138B-451D-A8AD-B4BEEF652E36}"
EndProject
Project("{FAE04EC0-301F-11D3-BF4B-00C04F79EFBC}") = "MutatorInterfaces", "MutatorInterfaces\MutatorInterfaces.csproj", "{B5AA8E63-AF64-4EDA-BBC7-67D654CF1B6F}"
EndProject
Project("{2150E333-8FDC-42A3-9474-1A3956D46DE8}") = "Chapter18", "Chapter18", "{4F3D141D-2D3E-45CF-81D2-685034DEC8F9}"
EndProject
Project("{FAE04EC0-301F-11D3-BF4B-00C04F79EFBC}") = "SimpleThreadApp", "SimpleThreadApp\SimpleThreadApp.csproj", "{960084BB-09D1-42EE-954C-1696F05B1E8A}"
EndProject
Project("{FAE04EC0-301F-11D3-BF4B-00C04F79EFBC}") = "ThreadSleepApp", "ThreadSleepApp\ThreadSleepApp.csproj", "{DA224CD5-6164-40EE-AA27-57D78159D09C}"
EndProject
Project("{FAE04EC0-301F-11D3-BF4B-00C04F79EFBC}") = "ThreadAbortApp", "ThreadAbortApp\ThreadAbortApp.csproj", "{FAF2962F-C11E-43A3-A9CD-51989937327A}"
EndProject
Project("{FAE04EC0-301F-11D3-BF4B-00C04F79EFBC}") = "ThreadScheduleApp", "ThreadScheduleApp\ThreadScheduleApp.csproj", "{97C94F49-A0C9-4B52-BC9F-30B8D83AC509}"
EndProject
Project("{FAE04EC0-301F-11D3-BF4B-00C04F79EFBC}") = "ThreadData", "ThreadData\ThreadData.csproj", "{1089FE47-1CC9-417F-AA2E-B8688AF42375}"
EndProject
Project("{FAE04EC0-301F-11D3-BF4B-00C04F79EFBC}") = "ThreadMonitor1App", "ThreadMonitor1App\ThreadMonitor1App.csproj", "{B65F377D-4801-4B09-94DD-0690B603F6A3}"
EndProject
Project("{FAE04EC0-301F-11D3-BF4B-00C04F79EFBC}") = "ThreadMonitor2App", "ThreadMonitor2App\ThreadMonitor2App.csproj", "{AF16FEED-FAD3-46D3-B830-4687C8F780F3}"
EndProject
Project("{FAE04EC0-301F-11D3-BF4B-00C04F79EFBC}") = "ThreadMonitor3App", "ThreadMonitor3App\ThreadMonitor3App.csproj", "{16312012-CB11-4BA8-844D-0AA1A73FCE4E}"
EndProject
Project("{FAE04EC0-301F-11D3-BF4B-00C04F79EFBC}") = "ThreadLockApp", "ThreadLockApp\ThreadLockApp.csproj", "{2888A5E2-89A5-4688-B192-32BAC16A881C}"
EndProject
Project("{FAE04EC0-301F-11D3-BF4B-00C04F79EFBC}") = "ThreadMutexApp", "ThreadMutexApp\ThreadMutexApp.csproj", "{49E6E7DC-65EC-40F5-8872-8773907F67C6}"
EndProject
Global
	GlobalSection(SolutionConfigurationPlatforms) = preSolution
		Debug|Any CPU = Debug|Any CPU
		Release|Any CPU = Release|Any CPU
	EndGlobalSection
	GlobalSection(ProjectConfigurationPlatforms) = postSolution
		{98531AA3-64EF-45E5-AFD1-062B4EE0AE45}.Debug|Any CPU.ActiveCfg = Debug|Any CPU
		{98531AA3-64EF-45E5-AFD1-062B4EE0AE45}.Debug|Any CPU.Build.0 = Debug|Any CPU
		{98531AA3-64EF-45E5-AFD1-062B4EE0AE45}.Release|Any CPU.ActiveCfg = Release|Any CPU
		{98531AA3-64EF-45E5-AFD1-062B4EE0AE45}.Release|Any CPU.Build.0 = Release|Any CPU
		{23055C57-7C61-4E09-87A6-10EE9716E616}.Debug|Any CPU.ActiveCfg = Debug|Any CPU
		{23055C57-7C61-4E09-87A6-10EE9716E616}.Debug|Any CPU.Build.0 = Debug|Any CPU
		{23055C57-7C61-4E09-87A6-10EE9716E616}.Release|Any CPU.ActiveCfg = Release|Any CPU
		{23055C57-7C61-4E09-87A6-10EE9716E616}.Release|Any CPU.Build.0 = Release|Any CPU
		{9A513463-A0D4-4EE8-8634-B01F7FA6CD8C}.Debug|Any CPU.ActiveCfg = Debug|Any CPU
		{9A513463-A0D4-4EE8-8634-B01F7FA6CD8C}.Debug|Any CPU.Build.0 = Debug|Any CPU
		{9A513463-A0D4-4EE8-8634-B01F7FA6CD8C}.Release|Any CPU.ActiveCfg = Release|Any CPU
		{9A513463-A0D4-4EE8-8634-B01F7FA6CD8C}.Release|Any CPU.Build.0 = Release|Any CPU
		{8960B5EB-E4DD-4E18-81D1-53952B71488D}.Debug|Any CPU.ActiveCfg = Debug|Any CPU
		{8960B5EB-E4DD-4E18-81D1-53952B71488D}.Debug|Any CPU.Build.0 = Debug|Any CPU
		{8960B5EB-E4DD-4E18-81D1-53952B71488D}.Release|Any CPU.ActiveCfg = Release|Any CPU
		{8960B5EB-E4DD-4E18-81D1-53952B71488D}.Release|Any CPU.Build.0 = Release|Any CPU
		{E1A90A9B-6384-4F0E-94BA-BF592550AD91}.Debug|Any CPU.ActiveCfg = Debug|Any CPU
		{E1A90A9B-6384-4F0E-94BA-BF592550AD91}.Debug|Any CPU.Build.0 = Debug|Any CPU
		{E1A90A9B-6384-4F0E-94BA-BF592550AD91}.Release|Any CPU.ActiveCfg = Release|Any CPU
		{E1A90A9B-6384-4F0E-94BA-BF592550AD91}.Release|Any CPU.Build.0 = Release|Any CPU
		{46B106B4-D3C7-4C35-9DCC-B03101FA0957}.Debug|Any CPU.ActiveCfg = Debug|Any CPU
		{46B106B4-D3C7-4C35-9DCC-B03101FA0957}.Debug|Any CPU.Build.0 = Debug|Any CPU
		{46B106B4-D3C7-4C35-9DCC-B03101FA0957}.Release|Any CPU.ActiveCfg = Release|Any CPU
		{46B106B4-D3C7-4C35-9DCC-B03101FA0957}.Release|Any CPU.Build.0 = Release|Any CPU
		{8DA4F8A4-3B65-488B-A68C-3EF1AF1AF9A0}.Debug|Any CPU.ActiveCfg = Debug|Any CPU
		{8DA4F8A4-3B65-488B-A68C-3EF1AF1AF9A0}.Debug|Any CPU.Build.0 = Debug|Any CPU
		{8DA4F8A4-3B65-488B-A68C-3EF1AF1AF9A0}.Release|Any CPU.ActiveCfg = Release|Any CPU
		{8DA4F8A4-3B65-488B-A68C-3EF1AF1AF9A0}.Release|Any CPU.Build.0 = Release|Any CPU
		{9E56E881-88C6-4498-A232-650BA10964A2}.Debug|Any CPU.ActiveCfg = Debug|Any CPU
		{9E56E881-88C6-4498-A232-650BA10964A2}.Debug|Any CPU.Build.0 = Debug|Any CPU
		{9E56E881-88C6-4498-A232-650BA10964A2}.Release|Any CPU.ActiveCfg = Release|Any CPU
		{9E56E881-88C6-4498-A232-650BA10964A2}.Release|Any CPU.Build.0 = Release|Any CPU
		{41029A02-D645-4584-B6A6-7EF32AAC1FD6}.Debug|Any CPU.ActiveCfg = Debug|Any CPU
		{41029A02-D645-4584-B6A6-7EF32AAC1FD6}.Debug|Any CPU.Build.0 = Debug|Any CPU
		{41029A02-D645-4584-B6A6-7EF32AAC1FD6}.Release|Any CPU.ActiveCfg = Release|Any CPU
		{41029A02-D645-4584-B6A6-7EF32AAC1FD6}.Release|Any CPU.Build.0 = Release|Any CPU
		{E4DCAF04-EEC2-419A-9C1F-F62D9085CBA3}.Debug|Any CPU.ActiveCfg = Debug|Any CPU
		{E4DCAF04-EEC2-419A-9C1F-F62D9085CBA3}.Debug|Any CPU.Build.0 = Debug|Any CPU
		{E4DCAF04-EEC2-419A-9C1F-F62D9085CBA3}.Release|Any CPU.ActiveCfg = Release|Any CPU
		{E4DCAF04-EEC2-419A-9C1F-F62D9085CBA3}.Release|Any CPU.Build.0 = Release|Any CPU
		{93430A9C-517D-4753-8B00-5503E13A1563}.Debug|Any CPU.ActiveCfg = Debug|Any CPU
		{93430A9C-517D-4753-8B00-5503E13A1563}.Debug|Any CPU.Build.0 = Debug|Any CPU
		{93430A9C-517D-4753-8B00-5503E13A1563}.Release|Any CPU.ActiveCfg = Release|Any CPU
		{93430A9C-517D-4753-8B00-5503E13A1563}.Release|Any CPU.Build.0 = Release|Any CPU
		{AB83267F-740D-41F6-9334-ACB24B94C577}.Debug|Any CPU.ActiveCfg = Debug|Any CPU
		{AB83267F-740D-41F6-9334-ACB24B94C577}.Debug|Any CPU.Build.0 = Debug|Any CPU
		{AB83267F-740D-41F6-9334-ACB24B94C577}.Release|Any CPU.ActiveCfg = Release|Any CPU
		{AB83267F-740D-41F6-9334-ACB24B94C577}.Release|Any CPU.Build.0 = Release|Any CPU
		{1914C780-2D7F-448C-89A8-0ADD32433ACB}.Debug|Any CPU.ActiveCfg = Debug|Any CPU
		{1914C780-2D7F-448C-89A8-0ADD32433ACB}.Debug|Any CPU.Build.0 = Debug|Any CPU
		{1914C780-2D7F-448C-89A8-0ADD32433ACB}.Release|Any CPU.ActiveCfg = Release|Any CPU
		{1914C780-2D7F-448C-89A8-0ADD32433ACB}.Release|Any CPU.Build.0 = Release|Any CPU
		{D73567FE-F6F4-45A8-A546-B9C4A1372264}.Debug|Any CPU.ActiveCfg = Debug|Any CPU
		{D73567FE-F6F4-45A8-A546-B9C4A1372264}.Debug|Any CPU.Build.0 = Debug|Any CPU
		{D73567FE-F6F4-45A8-A546-B9C4A1372264}.Release|Any CPU.ActiveCfg = Release|Any CPU
		{D73567FE-F6F4-45A8-A546-B9C4A1372264}.Release|Any CPU.Build.0 = Release|Any CPU
		{BF071E3C-A5AA-4BBA-9C77-4184640CB6B0}.Debug|Any CPU.ActiveCfg = Debug|Any CPU
		{BF071E3C-A5AA-4BBA-9C77-4184640CB6B0}.Debug|Any CPU.Build.0 = Debug|Any CPU
		{BF071E3C-A5AA-4BBA-9C77-4184640CB6B0}.Release|Any CPU.ActiveCfg = Release|Any CPU
		{BF071E3C-A5AA-4BBA-9C77-4184640CB6B0}.Release|Any CPU.Build.0 = Release|Any CPU
		{130476B9-5025-412A-A4E1-78B2FFBC9580}.Debug|Any CPU.ActiveCfg = Debug|Any CPU
		{130476B9-5025-412A-A4E1-78B2FFBC9580}.Debug|Any CPU.Build.0 = Debug|Any CPU
		{130476B9-5025-412A-A4E1-78B2FFBC9580}.Release|Any CPU.ActiveCfg = Release|Any CPU
		{130476B9-5025-412A-A4E1-78B2FFBC9580}.Release|Any CPU.Build.0 = Release|Any CPU
		{45B7004B-4B30-4E96-B122-132E037BEF30}.Debug|Any CPU.ActiveCfg = Debug|Any CPU
		{45B7004B-4B30-4E96-B122-132E037BEF30}.Debug|Any CPU.Build.0 = Debug|Any CPU
		{45B7004B-4B30-4E96-B122-132E037BEF30}.Release|Any CPU.ActiveCfg = Release|Any CPU
		{45B7004B-4B30-4E96-B122-132E037BEF30}.Release|Any CPU.Build.0 = Release|Any CPU
		{18E50EAE-544B-4568-A1C3-D54A8B0AC288}.Debug|Any CPU.ActiveCfg = Debug|Any CPU
		{18E50EAE-544B-4568-A1C3-D54A8B0AC288}.Debug|Any CPU.Build.0 = Debug|Any CPU
		{18E50EAE-544B-4568-A1C3-D54A8B0AC288}.Release|Any CPU.ActiveCfg = Release|Any CPU
		{18E50EAE-544B-4568-A1C3-D54A8B0AC288}.Release|Any CPU.Build.0 = Release|Any CPU
		{3BB5E6C0-1057-410B-BA6B-22F16EA084EC}.Debug|Any CPU.ActiveCfg = Debug|Any CPU
		{3BB5E6C0-1057-410B-BA6B-22F16EA084EC}.Debug|Any CPU.Build.0 = Debug|Any CPU
		{3BB5E6C0-1057-410B-BA6B-22F16EA084EC}.Release|Any CPU.ActiveCfg = Release|Any CPU
		{3BB5E6C0-1057-410B-BA6B-22F16EA084EC}.Release|Any CPU.Build.0 = Release|Any CPU
		{C36CB808-9FE2-4FBA-9246-226387AADABC}.Debug|Any CPU.ActiveCfg = Debug|Any CPU
		{C36CB808-9FE2-4FBA-9246-226387AADABC}.Debug|Any CPU.Build.0 = Debug|Any CPU
		{C36CB808-9FE2-4FBA-9246-226387AADABC}.Release|Any CPU.ActiveCfg = Release|Any CPU
		{C36CB808-9FE2-4FBA-9246-226387AADABC}.Release|Any CPU.Build.0 = Release|Any CPU
		{5B72BD0A-9FEE-434F-8620-E695C8F84995}.Debug|Any CPU.ActiveCfg = Debug|Any CPU
		{5B72BD0A-9FEE-434F-8620-E695C8F84995}.Debug|Any CPU.Build.0 = Debug|Any CPU
		{5B72BD0A-9FEE-434F-8620-E695C8F84995}.Release|Any CPU.ActiveCfg = Release|Any CPU
		{5B72BD0A-9FEE-434F-8620-E695C8F84995}.Release|Any CPU.Build.0 = Release|Any CPU
		{7DBDEFB1-89C0-427A-90EB-5AF02AC2118D}.Debug|Any CPU.ActiveCfg = Debug|Any CPU
		{7DBDEFB1-89C0-427A-90EB-5AF02AC2118D}.Debug|Any CPU.Build.0 = Debug|Any CPU
		{7DBDEFB1-89C0-427A-90EB-5AF02AC2118D}.Release|Any CPU.ActiveCfg = Release|Any CPU
		{7DBDEFB1-89C0-427A-90EB-5AF02AC2118D}.Release|Any CPU.Build.0 = Release|Any CPU
		{3DCC4A68-43B0-4D5E-9467-0BE5B993CFD3}.Debug|Any CPU.ActiveCfg = Debug|Any CPU
		{3DCC4A68-43B0-4D5E-9467-0BE5B993CFD3}.Debug|Any CPU.Build.0 = Debug|Any CPU
		{3DCC4A68-43B0-4D5E-9467-0BE5B993CFD3}.Release|Any CPU.ActiveCfg = Release|Any CPU
		{3DCC4A68-43B0-4D5E-9467-0BE5B993CFD3}.Release|Any CPU.Build.0 = Release|Any CPU
		{FFE810AD-3880-47F7-A229-07EC5E90E00C}.Debug|Any CPU.ActiveCfg = Debug|Any CPU
		{FFE810AD-3880-47F7-A229-07EC5E90E00C}.Debug|Any CPU.Build.0 = Debug|Any CPU
		{FFE810AD-3880-47F7-A229-07EC5E90E00C}.Release|Any CPU.ActiveCfg = Release|Any CPU
		{FFE810AD-3880-47F7-A229-07EC5E90E00C}.Release|Any CPU.Build.0 = Release|Any CPU
		{590FA547-91E5-4693-BFF6-90A931ACCA0A}.Debug|Any CPU.ActiveCfg = Debug|Any CPU
		{590FA547-91E5-4693-BFF6-90A931ACCA0A}.Debug|Any CPU.Build.0 = Debug|Any CPU
		{590FA547-91E5-4693-BFF6-90A931ACCA0A}.Release|Any CPU.ActiveCfg = Release|Any CPU
		{590FA547-91E5-4693-BFF6-90A931ACCA0A}.Release|Any CPU.Build.0 = Release|Any CPU
		{F0C16C7B-CD89-4896-AE1D-C1F39881B8BC}.Debug|Any CPU.ActiveCfg = Debug|Any CPU
		{F0C16C7B-CD89-4896-AE1D-C1F39881B8BC}.Debug|Any CPU.Build.0 = Debug|Any CPU
		{F0C16C7B-CD89-4896-AE1D-C1F39881B8BC}.Release|Any CPU.ActiveCfg = Release|Any CPU
		{F0C16C7B-CD89-4896-AE1D-C1F39881B8BC}.Release|Any CPU.Build.0 = Release|Any CPU
		{E788C3C4-D7F6-4386-98C4-53B7535EC543}.Debug|Any CPU.ActiveCfg = Debug|Any CPU
		{E788C3C4-D7F6-4386-98C4-53B7535EC543}.Debug|Any CPU.Build.0 = Debug|Any CPU
		{E788C3C4-D7F6-4386-98C4-53B7535EC543}.Release|Any CPU.ActiveCfg = Release|Any CPU
		{E788C3C4-D7F6-4386-98C4-53B7535EC543}.Release|Any CPU.Build.0 = Release|Any CPU
		{7B271ECA-6FF2-42F0-A0AC-4524E52B31C1}.Debug|Any CPU.ActiveCfg = Debug|Any CPU
		{7B271ECA-6FF2-42F0-A0AC-4524E52B31C1}.Debug|Any CPU.Build.0 = Debug|Any CPU
		{7B271ECA-6FF2-42F0-A0AC-4524E52B31C1}.Release|Any CPU.ActiveCfg = Release|Any CPU
		{7B271ECA-6FF2-42F0-A0AC-4524E52B31C1}.Release|Any CPU.Build.0 = Release|Any CPU
		{6456E00F-9996-4C0B-B134-5AB976316DC8}.Debug|Any CPU.ActiveCfg = Debug|Any CPU
		{6456E00F-9996-4C0B-B134-5AB976316DC8}.Debug|Any CPU.Build.0 = Debug|Any CPU
		{6456E00F-9996-4C0B-B134-5AB976316DC8}.Release|Any CPU.ActiveCfg = Release|Any CPU
		{6456E00F-9996-4C0B-B134-5AB976316DC8}.Release|Any CPU.Build.0 = Release|Any CPU
		{68BB9C08-0AD6-498D-B7CD-26C8331D1C51}.Debug|Any CPU.ActiveCfg = Debug|Any CPU
		{68BB9C08-0AD6-498D-B7CD-26C8331D1C51}.Debug|Any CPU.Build.0 = Debug|Any CPU
		{68BB9C08-0AD6-498D-B7CD-26C8331D1C51}.Release|Any CPU.ActiveCfg = Release|Any CPU
		{68BB9C08-0AD6-498D-B7CD-26C8331D1C51}.Release|Any CPU.Build.0 = Release|Any CPU
		{810019DC-1C30-4157-8274-F329C1719EEF}.Debug|Any CPU.ActiveCfg = Debug|Any CPU
		{810019DC-1C30-4157-8274-F329C1719EEF}.Debug|Any CPU.Build.0 = Debug|Any CPU
		{810019DC-1C30-4157-8274-F329C1719EEF}.Release|Any CPU.ActiveCfg = Release|Any CPU
		{810019DC-1C30-4157-8274-F329C1719EEF}.Release|Any CPU.Build.0 = Release|Any CPU
		{896FA4AB-8885-4A19-A933-EC5465DADB8B}.Debug|Any CPU.ActiveCfg = Debug|Any CPU
		{896FA4AB-8885-4A19-A933-EC5465DADB8B}.Debug|Any CPU.Build.0 = Debug|Any CPU
		{896FA4AB-8885-4A19-A933-EC5465DADB8B}.Release|Any CPU.ActiveCfg = Release|Any CPU
		{896FA4AB-8885-4A19-A933-EC5465DADB8B}.Release|Any CPU.Build.0 = Release|Any CPU
		{0A658E85-2765-4975-B66F-8E633081E34A}.Debug|Any CPU.ActiveCfg = Debug|Any CPU
		{0A658E85-2765-4975-B66F-8E633081E34A}.Debug|Any CPU.Build.0 = Debug|Any CPU
		{0A658E85-2765-4975-B66F-8E633081E34A}.Release|Any CPU.ActiveCfg = Release|Any CPU
		{0A658E85-2765-4975-B66F-8E633081E34A}.Release|Any CPU.Build.0 = Release|Any CPU
		{2069E937-A54C-4839-BC38-C3414C8CB088}.Debug|Any CPU.ActiveCfg = Debug|Any CPU
		{2069E937-A54C-4839-BC38-C3414C8CB088}.Debug|Any CPU.Build.0 = Debug|Any CPU
		{2069E937-A54C-4839-BC38-C3414C8CB088}.Release|Any CPU.ActiveCfg = Release|Any CPU
		{2069E937-A54C-4839-BC38-C3414C8CB088}.Release|Any CPU.Build.0 = Release|Any CPU
		{991C2380-E08C-422F-B4CA-C8C602D3DCDC}.Debug|Any CPU.ActiveCfg = Debug|Any CPU
		{991C2380-E08C-422F-B4CA-C8C602D3DCDC}.Debug|Any CPU.Build.0 = Debug|Any CPU
		{991C2380-E08C-422F-B4CA-C8C602D3DCDC}.Release|Any CPU.ActiveCfg = Release|Any CPU
		{991C2380-E08C-422F-B4CA-C8C602D3DCDC}.Release|Any CPU.Build.0 = Release|Any CPU
		{8ED622DE-1B67-4731-9FD9-80D3E77F13B2}.Debug|Any CPU.ActiveCfg = Debug|Any CPU
		{8ED622DE-1B67-4731-9FD9-80D3E77F13B2}.Debug|Any CPU.Build.0 = Debug|Any CPU
		{8ED622DE-1B67-4731-9FD9-80D3E77F13B2}.Release|Any CPU.ActiveCfg = Release|Any CPU
		{8ED622DE-1B67-4731-9FD9-80D3E77F13B2}.Release|Any CPU.Build.0 = Release|Any CPU
		{8405BBE0-1BD5-4423-A017-DD0F7F1B8EA7}.Debug|Any CPU.ActiveCfg = Debug|Any CPU
		{8405BBE0-1BD5-4423-A017-DD0F7F1B8EA7}.Debug|Any CPU.Build.0 = Debug|Any CPU
		{8405BBE0-1BD5-4423-A017-DD0F7F1B8EA7}.Release|Any CPU.ActiveCfg = Release|Any CPU
		{8405BBE0-1BD5-4423-A017-DD0F7F1B8EA7}.Release|Any CPU.Build.0 = Release|Any CPU
		{2E919AEB-FAF4-4BC5-AD1F-53D548FECC29}.Debug|Any CPU.ActiveCfg = Debug|Any CPU
		{2E919AEB-FAF4-4BC5-AD1F-53D548FECC29}.Debug|Any CPU.Build.0 = Debug|Any CPU
		{2E919AEB-FAF4-4BC5-AD1F-53D548FECC29}.Release|Any CPU.ActiveCfg = Release|Any CPU
		{2E919AEB-FAF4-4BC5-AD1F-53D548FECC29}.Release|Any CPU.Build.0 = Release|Any CPU
		{DB12FC87-BF3F-4731-8732-C0D0A0AC45FD}.Debug|Any CPU.ActiveCfg = Debug|Any CPU
		{DB12FC87-BF3F-4731-8732-C0D0A0AC45FD}.Debug|Any CPU.Build.0 = Debug|Any CPU
		{DB12FC87-BF3F-4731-8732-C0D0A0AC45FD}.Release|Any CPU.ActiveCfg = Release|Any CPU
		{DB12FC87-BF3F-4731-8732-C0D0A0AC45FD}.Release|Any CPU.Build.0 = Release|Any CPU
		{81ECC59E-C53F-4646-ABB4-1F4778FD2AB6}.Debug|Any CPU.ActiveCfg = Debug|Any CPU
		{81ECC59E-C53F-4646-ABB4-1F4778FD2AB6}.Debug|Any CPU.Build.0 = Debug|Any CPU
		{81ECC59E-C53F-4646-ABB4-1F4778FD2AB6}.Release|Any CPU.ActiveCfg = Release|Any CPU
		{81ECC59E-C53F-4646-ABB4-1F4778FD2AB6}.Release|Any CPU.Build.0 = Release|Any CPU
		{1254DAAE-6E8A-4756-84E2-7AA8E59EA19D}.Debug|Any CPU.ActiveCfg = Debug|Any CPU
		{1254DAAE-6E8A-4756-84E2-7AA8E59EA19D}.Debug|Any CPU.Build.0 = Debug|Any CPU
		{1254DAAE-6E8A-4756-84E2-7AA8E59EA19D}.Release|Any CPU.ActiveCfg = Release|Any CPU
		{1254DAAE-6E8A-4756-84E2-7AA8E59EA19D}.Release|Any CPU.Build.0 = Release|Any CPU
		{3AFB8DCE-A181-4834-BBEC-4F7C56821BF6}.Debug|Any CPU.ActiveCfg = Debug|Any CPU
		{3AFB8DCE-A181-4834-BBEC-4F7C56821BF6}.Debug|Any CPU.Build.0 = Debug|Any CPU
		{3AFB8DCE-A181-4834-BBEC-4F7C56821BF6}.Release|Any CPU.ActiveCfg = Release|Any CPU
		{3AFB8DCE-A181-4834-BBEC-4F7C56821BF6}.Release|Any CPU.Build.0 = Release|Any CPU
		{C204028F-2D18-477A-9AB8-6A541B94E0C4}.Debug|Any CPU.ActiveCfg = Debug|Any CPU
		{C204028F-2D18-477A-9AB8-6A541B94E0C4}.Debug|Any CPU.Build.0 = Debug|Any CPU
		{C204028F-2D18-477A-9AB8-6A541B94E0C4}.Release|Any CPU.ActiveCfg = Release|Any CPU
		{C204028F-2D18-477A-9AB8-6A541B94E0C4}.Release|Any CPU.Build.0 = Release|Any CPU
		{2BA4AE8A-F111-4CE6-A5B6-B86966479727}.Debug|Any CPU.ActiveCfg = Debug|Any CPU
		{2BA4AE8A-F111-4CE6-A5B6-B86966479727}.Debug|Any CPU.Build.0 = Debug|Any CPU
		{2BA4AE8A-F111-4CE6-A5B6-B86966479727}.Release|Any CPU.ActiveCfg = Release|Any CPU
		{2BA4AE8A-F111-4CE6-A5B6-B86966479727}.Release|Any CPU.Build.0 = Release|Any CPU
		{85E8E1E0-C4FC-4780-9AA9-18923BB9F343}.Debug|Any CPU.ActiveCfg = Debug|Any CPU
		{85E8E1E0-C4FC-4780-9AA9-18923BB9F343}.Debug|Any CPU.Build.0 = Debug|Any CPU
		{85E8E1E0-C4FC-4780-9AA9-18923BB9F343}.Release|Any CPU.ActiveCfg = Release|Any CPU
		{85E8E1E0-C4FC-4780-9AA9-18923BB9F343}.Release|Any CPU.Build.0 = Release|Any CPU
		{23E2D69A-8640-4AAB-B46A-A86D635784E5}.Debug|Any CPU.ActiveCfg = Debug|Any CPU
		{23E2D69A-8640-4AAB-B46A-A86D635784E5}.Debug|Any CPU.Build.0 = Debug|Any CPU
		{23E2D69A-8640-4AAB-B46A-A86D635784E5}.Release|Any CPU.ActiveCfg = Release|Any CPU
		{23E2D69A-8640-4AAB-B46A-A86D635784E5}.Release|Any CPU.Build.0 = Release|Any CPU
		{131DBD69-0DD8-4331-A05B-F9A64BAD1057}.Debug|Any CPU.ActiveCfg = Debug|Any CPU
		{131DBD69-0DD8-4331-A05B-F9A64BAD1057}.Debug|Any CPU.Build.0 = Debug|Any CPU
		{131DBD69-0DD8-4331-A05B-F9A64BAD1057}.Release|Any CPU.ActiveCfg = Release|Any CPU
		{131DBD69-0DD8-4331-A05B-F9A64BAD1057}.Release|Any CPU.Build.0 = Release|Any CPU
		{CAFC5E1E-8583-4258-99D1-1B3663A7FFB5}.Debug|Any CPU.ActiveCfg = Debug|Any CPU
		{CAFC5E1E-8583-4258-99D1-1B3663A7FFB5}.Debug|Any CPU.Build.0 = Debug|Any CPU
		{CAFC5E1E-8583-4258-99D1-1B3663A7FFB5}.Release|Any CPU.ActiveCfg = Release|Any CPU
		{CAFC5E1E-8583-4258-99D1-1B3663A7FFB5}.Release|Any CPU.Build.0 = Release|Any CPU
		{7C0A0139-F548-43D2-A9B7-FD9ED40BD08A}.Debug|Any CPU.ActiveCfg = Debug|Any CPU
		{7C0A0139-F548-43D2-A9B7-FD9ED40BD08A}.Debug|Any CPU.Build.0 = Debug|Any CPU
		{7C0A0139-F548-43D2-A9B7-FD9ED40BD08A}.Release|Any CPU.ActiveCfg = Release|Any CPU
		{7C0A0139-F548-43D2-A9B7-FD9ED40BD08A}.Release|Any CPU.Build.0 = Release|Any CPU
		{8C9D393B-4532-4679-B325-BB73443C0C40}.Debug|Any CPU.ActiveCfg = Debug|Any CPU
		{8C9D393B-4532-4679-B325-BB73443C0C40}.Debug|Any CPU.Build.0 = Debug|Any CPU
		{8C9D393B-4532-4679-B325-BB73443C0C40}.Release|Any CPU.ActiveCfg = Release|Any CPU
		{8C9D393B-4532-4679-B325-BB73443C0C40}.Release|Any CPU.Build.0 = Release|Any CPU
		{86EB13FC-DF18-4665-A239-82F7DD3D4AC8}.Debug|Any CPU.ActiveCfg = Debug|Any CPU
		{86EB13FC-DF18-4665-A239-82F7DD3D4AC8}.Debug|Any CPU.Build.0 = Debug|Any CPU
		{86EB13FC-DF18-4665-A239-82F7DD3D4AC8}.Release|Any CPU.ActiveCfg = Release|Any CPU
		{86EB13FC-DF18-4665-A239-82F7DD3D4AC8}.Release|Any CPU.Build.0 = Release|Any CPU
		{811C301D-CFDC-4E7A-AE0B-9710DBE96EA9}.Debug|Any CPU.ActiveCfg = Debug|Any CPU
		{811C301D-CFDC-4E7A-AE0B-9710DBE96EA9}.Debug|Any CPU.Build.0 = Debug|Any CPU
		{811C301D-CFDC-4E7A-AE0B-9710DBE96EA9}.Release|Any CPU.ActiveCfg = Release|Any CPU
		{811C301D-CFDC-4E7A-AE0B-9710DBE96EA9}.Release|Any CPU.Build.0 = Release|Any CPU
		{F8DBC3DA-AF40-4A39-B8F7-5DA9057FB83C}.Debug|Any CPU.ActiveCfg = Debug|Any CPU
		{F8DBC3DA-AF40-4A39-B8F7-5DA9057FB83C}.Debug|Any CPU.Build.0 = Debug|Any CPU
		{F8DBC3DA-AF40-4A39-B8F7-5DA9057FB83C}.Release|Any CPU.ActiveCfg = Release|Any CPU
		{F8DBC3DA-AF40-4A39-B8F7-5DA9057FB83C}.Release|Any CPU.Build.0 = Release|Any CPU
		{8078475B-4A9A-439F-8715-720D3C750E3E}.Debug|Any CPU.ActiveCfg = Debug|Any CPU
		{8078475B-4A9A-439F-8715-720D3C750E3E}.Debug|Any CPU.Build.0 = Debug|Any CPU
		{8078475B-4A9A-439F-8715-720D3C750E3E}.Release|Any CPU.ActiveCfg = Release|Any CPU
		{8078475B-4A9A-439F-8715-720D3C750E3E}.Release|Any CPU.Build.0 = Release|Any CPU
		{DCACF717-407D-4B08-8D4D-99B20CD54020}.Debug|Any CPU.ActiveCfg = Debug|Any CPU
		{DCACF717-407D-4B08-8D4D-99B20CD54020}.Debug|Any CPU.Build.0 = Debug|Any CPU
		{DCACF717-407D-4B08-8D4D-99B20CD54020}.Release|Any CPU.ActiveCfg = Release|Any CPU
		{DCACF717-407D-4B08-8D4D-99B20CD54020}.Release|Any CPU.Build.0 = Release|Any CPU
		{A96311F2-25E5-4AAE-87DA-429C9EDE347C}.Debug|Any CPU.ActiveCfg = Debug|Any CPU
		{A96311F2-25E5-4AAE-87DA-429C9EDE347C}.Debug|Any CPU.Build.0 = Debug|Any CPU
		{A96311F2-25E5-4AAE-87DA-429C9EDE347C}.Release|Any CPU.ActiveCfg = Release|Any CPU
		{A96311F2-25E5-4AAE-87DA-429C9EDE347C}.Release|Any CPU.Build.0 = Release|Any CPU
		{BE889A4E-1617-48CD-BC54-E83FD67A0DFA}.Debug|Any CPU.ActiveCfg = Debug|Any CPU
		{BE889A4E-1617-48CD-BC54-E83FD67A0DFA}.Debug|Any CPU.Build.0 = Debug|Any CPU
		{BE889A4E-1617-48CD-BC54-E83FD67A0DFA}.Release|Any CPU.ActiveCfg = Release|Any CPU
		{BE889A4E-1617-48CD-BC54-E83FD67A0DFA}.Release|Any CPU.Build.0 = Release|Any CPU
		{5ACE87E9-138B-451D-A8AD-B4BEEF652E36}.Debug|Any CPU.ActiveCfg = Debug|Any CPU
		{5ACE87E9-138B-451D-A8AD-B4BEEF652E36}.Debug|Any CPU.Build.0 = Debug|Any CPU
		{5ACE87E9-138B-451D-A8AD-B4BEEF652E36}.Release|Any CPU.ActiveCfg = Release|Any CPU
		{5ACE87E9-138B-451D-A8AD-B4BEEF652E36}.Release|Any CPU.Build.0 = Release|Any CPU
		{B5AA8E63-AF64-4EDA-BBC7-67D654CF1B6F}.Debug|Any CPU.ActiveCfg = Debug|Any CPU
		{B5AA8E63-AF64-4EDA-BBC7-67D654CF1B6F}.Debug|Any CPU.Build.0 = Debug|Any CPU
		{B5AA8E63-AF64-4EDA-BBC7-67D654CF1B6F}.Release|Any CPU.ActiveCfg = Release|Any CPU
		{B5AA8E63-AF64-4EDA-BBC7-67D654CF1B6F}.Release|Any CPU.Build.0 = Release|Any CPU
		{960084BB-09D1-42EE-954C-1696F05B1E8A}.Debug|Any CPU.ActiveCfg = Debug|Any CPU
		{960084BB-09D1-42EE-954C-1696F05B1E8A}.Debug|Any CPU.Build.0 = Debug|Any CPU
		{960084BB-09D1-42EE-954C-1696F05B1E8A}.Release|Any CPU.ActiveCfg = Release|Any CPU
		{960084BB-09D1-42EE-954C-1696F05B1E8A}.Release|Any CPU.Build.0 = Release|Any CPU
		{DA224CD5-6164-40EE-AA27-57D78159D09C}.Debug|Any CPU.ActiveCfg = Debug|Any CPU
		{DA224CD5-6164-40EE-AA27-57D78159D09C}.Debug|Any CPU.Build.0 = Debug|Any CPU
		{DA224CD5-6164-40EE-AA27-57D78159D09C}.Release|Any CPU.ActiveCfg = Release|Any CPU
		{DA224CD5-6164-40EE-AA27-57D78159D09C}.Release|Any CPU.Build.0 = Release|Any CPU
		{FAF2962F-C11E-43A3-A9CD-51989937327A}.Debug|Any CPU.ActiveCfg = Debug|Any CPU
		{FAF2962F-C11E-43A3-A9CD-51989937327A}.Debug|Any CPU.Build.0 = Debug|Any CPU
		{FAF2962F-C11E-43A3-A9CD-51989937327A}.Release|Any CPU.ActiveCfg = Release|Any CPU
		{FAF2962F-C11E-43A3-A9CD-51989937327A}.Release|Any CPU.Build.0 = Release|Any CPU
		{97C94F49-A0C9-4B52-BC9F-30B8D83AC509}.Debug|Any CPU.ActiveCfg = Debug|Any CPU
		{97C94F49-A0C9-4B52-BC9F-30B8D83AC509}.Debug|Any CPU.Build.0 = Debug|Any CPU
		{97C94F49-A0C9-4B52-BC9F-30B8D83AC509}.Release|Any CPU.ActiveCfg = Release|Any CPU
		{97C94F49-A0C9-4B52-BC9F-30B8D83AC509}.Release|Any CPU.Build.0 = Release|Any CPU
		{1089FE47-1CC9-417F-AA2E-B8688AF42375}.Debug|Any CPU.ActiveCfg = Debug|Any CPU
		{1089FE47-1CC9-417F-AA2E-B8688AF42375}.Debug|Any CPU.Build.0 = Debug|Any CPU
		{1089FE47-1CC9-417F-AA2E-B8688AF42375}.Release|Any CPU.ActiveCfg = Release|Any CPU
		{1089FE47-1CC9-417F-AA2E-B8688AF42375}.Release|Any CPU.Build.0 = Release|Any CPU
		{B65F377D-4801-4B09-94DD-0690B603F6A3}.Debug|Any CPU.ActiveCfg = Debug|Any CPU
		{B65F377D-4801-4B09-94DD-0690B603F6A3}.Debug|Any CPU.Build.0 = Debug|Any CPU
		{B65F377D-4801-4B09-94DD-0690B603F6A3}.Release|Any CPU.ActiveCfg = Release|Any CPU
		{B65F377D-4801-4B09-94DD-0690B603F6A3}.Release|Any CPU.Build.0 = Release|Any CPU
		{AF16FEED-FAD3-46D3-B830-4687C8F780F3}.Debug|Any CPU.ActiveCfg = Debug|Any CPU
		{AF16FEED-FAD3-46D3-B830-4687C8F780F3}.Debug|Any CPU.Build.0 = Debug|Any CPU
		{AF16FEED-FAD3-46D3-B830-4687C8F780F3}.Release|Any CPU.ActiveCfg = Release|Any CPU
		{AF16FEED-FAD3-46D3-B830-4687C8F780F3}.Release|Any CPU.Build.0 = Release|Any CPU
		{16312012-CB11-4BA8-844D-0AA1A73FCE4E}.Debug|Any CPU.ActiveCfg = Debug|Any CPU
		{16312012-CB11-4BA8-844D-0AA1A73FCE4E}.Debug|Any CPU.Build.0 = Debug|Any CPU
		{16312012-CB11-4BA8-844D-0AA1A73FCE4E}.Release|Any CPU.ActiveCfg = Release|Any CPU
		{16312012-CB11-4BA8-844D-0AA1A73FCE4E}.Release|Any CPU.Build.0 = Release|Any CPU
		{2888A5E2-89A5-4688-B192-32BAC16A881C}.Debug|Any CPU.ActiveCfg = Debug|Any CPU
		{2888A5E2-89A5-4688-B192-32BAC16A881C}.Debug|Any CPU.Build.0 = Debug|Any CPU
		{2888A5E2-89A5-4688-B192-32BAC16A881C}.Release|Any CPU.ActiveCfg = Release|Any CPU
		{2888A5E2-89A5-4688-B192-32BAC16A881C}.Release|Any CPU.Build.0 = Release|Any CPU
		{49E6E7DC-65EC-40F5-8872-8773907F67C6}.Debug|Any CPU.ActiveCfg = Debug|Any CPU
		{49E6E7DC-65EC-40F5-8872-8773907F67C6}.Debug|Any CPU.Build.0 = Debug|Any CPU
		{49E6E7DC-65EC-40F5-8872-8773907F67C6}.Release|Any CPU.ActiveCfg = Release|Any CPU
		{49E6E7DC-65EC-40F5-8872-8773907F67C6}.Release|Any CPU.Build.0 = Release|Any CPU
	EndGlobalSection
	GlobalSection(SolutionProperties) = preSolution
		HideSolutionNode = FALSE
	EndGlobalSection
	GlobalSection(NestedProjects) = preSolution
		{98531AA3-64EF-45E5-AFD1-062B4EE0AE45} = {1EA1E9D0-49CF-4A6B-9DAC-F30CBB4767F9}
		{23055C57-7C61-4E09-87A6-10EE9716E616} = {1EA1E9D0-49CF-4A6B-9DAC-F30CBB4767F9}
		{9A513463-A0D4-4EE8-8634-B01F7FA6CD8C} = {1EA1E9D0-49CF-4A6B-9DAC-F30CBB4767F9}
		{8960B5EB-E4DD-4E18-81D1-53952B71488D} = {1EA1E9D0-49CF-4A6B-9DAC-F30CBB4767F9}
		{E1A90A9B-6384-4F0E-94BA-BF592550AD91} = {E320C577-DBA2-441D-A8BF-7FD8E9820600}
		{46B106B4-D3C7-4C35-9DCC-B03101FA0957} = {E320C577-DBA2-441D-A8BF-7FD8E9820600}
		{8DA4F8A4-3B65-488B-A68C-3EF1AF1AF9A0} = {E320C577-DBA2-441D-A8BF-7FD8E9820600}
		{9E56E881-88C6-4498-A232-650BA10964A2} = {E320C577-DBA2-441D-A8BF-7FD8E9820600}
		{41029A02-D645-4584-B6A6-7EF32AAC1FD6} = {09F5E02F-E0BB-435E-BCEC-1640A569EE68}
		{E4DCAF04-EEC2-419A-9C1F-F62D9085CBA3} = {96EE4AAC-45AB-4026-BED2-00822DD29476}
		{93430A9C-517D-4753-8B00-5503E13A1563} = {96EE4AAC-45AB-4026-BED2-00822DD29476}
		{AB83267F-740D-41F6-9334-ACB24B94C577} = {96EE4AAC-45AB-4026-BED2-00822DD29476}
		{1914C780-2D7F-448C-89A8-0ADD32433ACB} = {96EE4AAC-45AB-4026-BED2-00822DD29476}
		{D73567FE-F6F4-45A8-A546-B9C4A1372264} = {96EE4AAC-45AB-4026-BED2-00822DD29476}
		{BF071E3C-A5AA-4BBA-9C77-4184640CB6B0} = {96EE4AAC-45AB-4026-BED2-00822DD29476}
		{130476B9-5025-412A-A4E1-78B2FFBC9580} = {96EE4AAC-45AB-4026-BED2-00822DD29476}
		{45B7004B-4B30-4E96-B122-132E037BEF30} = {96EE4AAC-45AB-4026-BED2-00822DD29476}
		{18E50EAE-544B-4568-A1C3-D54A8B0AC288} = {96EE4AAC-45AB-4026-BED2-00822DD29476}
		{3BB5E6C0-1057-410B-BA6B-22F16EA084EC} = {8EAEA0D7-D3D9-429C-A013-2F221C187F42}
		{C36CB808-9FE2-4FBA-9246-226387AADABC} = {8EAEA0D7-D3D9-429C-A013-2F221C187F42}
		{5B72BD0A-9FEE-434F-8620-E695C8F84995} = {8EAEA0D7-D3D9-429C-A013-2F221C187F42}
		{7DBDEFB1-89C0-427A-90EB-5AF02AC2118D} = {8EAEA0D7-D3D9-429C-A013-2F221C187F42}
		{3DCC4A68-43B0-4D5E-9467-0BE5B993CFD3} = {8EAEA0D7-D3D9-429C-A013-2F221C187F42}
		{FFE810AD-3880-47F7-A229-07EC5E90E00C} = {8EAEA0D7-D3D9-429C-A013-2F221C187F42}
		{590FA547-91E5-4693-BFF6-90A931ACCA0A} = {8EAEA0D7-D3D9-429C-A013-2F221C187F42}
		{F0C16C7B-CD89-4896-AE1D-C1F39881B8BC} = {8EAEA0D7-D3D9-429C-A013-2F221C187F42}
		{E788C3C4-D7F6-4386-98C4-53B7535EC543} = {8EAEA0D7-D3D9-429C-A013-2F221C187F42}
		{7B271ECA-6FF2-42F0-A0AC-4524E52B31C1} = {8EAEA0D7-D3D9-429C-A013-2F221C187F42}
		{6456E00F-9996-4C0B-B134-5AB976316DC8} = {8EAEA0D7-D3D9-429C-A013-2F221C187F42}
		{68BB9C08-0AD6-498D-B7CD-26C8331D1C51} = {8EAEA0D7-D3D9-429C-A013-2F221C187F42}
		{810019DC-1C30-4157-8274-F329C1719EEF} = {8EAEA0D7-D3D9-429C-A013-2F221C187F42}
		{896FA4AB-8885-4A19-A933-EC5465DADB8B} = {8EAEA0D7-D3D9-429C-A013-2F221C187F42}
		{0A658E85-2765-4975-B66F-8E633081E34A} = {4485587F-8C38-482B-9482-8D242DA33173}
		{2069E937-A54C-4839-BC38-C3414C8CB088} = {4485587F-8C38-482B-9482-8D242DA33173}
		{991C2380-E08C-422F-B4CA-C8C602D3DCDC} = {4485587F-8C38-482B-9482-8D242DA33173}
		{8ED622DE-1B67-4731-9FD9-80D3E77F13B2} = {4485587F-8C38-482B-9482-8D242DA33173}
		{8405BBE0-1BD5-4423-A017-DD0F7F1B8EA7} = {4485587F-8C38-482B-9482-8D242DA33173}
		{2E919AEB-FAF4-4BC5-AD1F-53D548FECC29} = {4485587F-8C38-482B-9482-8D242DA33173}
		{DB12FC87-BF3F-4731-8732-C0D0A0AC45FD} = {4485587F-8C38-482B-9482-8D242DA33173}
		{81ECC59E-C53F-4646-ABB4-1F4778FD2AB6} = {4485587F-8C38-482B-9482-8D242DA33173}
		{1254DAAE-6E8A-4756-84E2-7AA8E59EA19D} = {4485587F-8C38-482B-9482-8D242DA33173}
		{3AFB8DCE-A181-4834-BBEC-4F7C56821BF6} = {20346CD6-CBE6-4FF9-9411-5D43C9E46D10}
		{C204028F-2D18-477A-9AB8-6A541B94E0C4} = {20346CD6-CBE6-4FF9-9411-5D43C9E46D10}
		{2BA4AE8A-F111-4CE6-A5B6-B86966479727} = {20346CD6-CBE6-4FF9-9411-5D43C9E46D10}
		{85E8E1E0-C4FC-4780-9AA9-18923BB9F343} = {20346CD6-CBE6-4FF9-9411-5D43C9E46D10}
		{23E2D69A-8640-4AAB-B46A-A86D635784E5} = {20346CD6-CBE6-4FF9-9411-5D43C9E46D10}
		{131DBD69-0DD8-4331-A05B-F9A64BAD1057} = {20346CD6-CBE6-4FF9-9411-5D43C9E46D10}
		{CAFC5E1E-8583-4258-99D1-1B3663A7FFB5} = {B448F3DD-F49B-43BE-80A9-48BAE4650C32}
		{7C0A0139-F548-43D2-A9B7-FD9ED40BD08A} = {B448F3DD-F49B-43BE-80A9-48BAE4650C32}
		{8C9D393B-4532-4679-B325-BB73443C0C40} = {B448F3DD-F49B-43BE-80A9-48BAE4650C32}
		{86EB13FC-DF18-4665-A239-82F7DD3D4AC8} = {B448F3DD-F49B-43BE-80A9-48BAE4650C32}
		{811C301D-CFDC-4E7A-AE0B-9710DBE96EA9} = {B448F3DD-F49B-43BE-80A9-48BAE4650C32}
		{F8DBC3DA-AF40-4A39-B8F7-5DA9057FB83C} = {B448F3DD-F49B-43BE-80A9-48BAE4650C32}
		{8078475B-4A9A-439F-8715-720D3C750E3E} = {FC4FA8BB-4C7B-4A67-A708-964CA34605B9}
		{DCACF717-407D-4B08-8D4D-99B20CD54020} = {B25DD0DB-1067-419B-BA0C-5FDF6F3C359C}
		{A96311F2-25E5-4AAE-87DA-429C9EDE347C} = {B25DD0DB-1067-419B-BA0C-5FDF6F3C359C}
		{BE889A4E-1617-48CD-BC54-E83FD67A0DFA} = {B25DD0DB-1067-419B-BA0C-5FDF6F3C359C}
		{5ACE87E9-138B-451D-A8AD-B4BEEF652E36} = {B25DD0DB-1067-419B-BA0C-5FDF6F3C359C}
		{B5AA8E63-AF64-4EDA-BBC7-67D654CF1B6F} = {B25DD0DB-1067-419B-BA0C-5FDF6F3C359C}
		{960084BB-09D1-42EE-954C-1696F05B1E8A} = {4F3D141D-2D3E-45CF-81D2-685034DEC8F9}
		{DA224CD5-6164-40EE-AA27-57D78159D09C} = {4F3D141D-2D3E-45CF-81D2-685034DEC8F9}
		{FAF2962F-C11E-43A3-A9CD-51989937327A} = {4F3D141D-2D3E-45CF-81D2-685034DEC8F9}
		{97C94F49-A0C9-4B52-BC9F-30B8D83AC509} = {4F3D141D-2D3E-45CF-81D2-685034DEC8F9}
		{1089FE47-1CC9-417F-AA2E-B8688AF42375} = {4F3D141D-2D3E-45CF-81D2-685034DEC8F9}
		{B65F377D-4801-4B09-94DD-0690B603F6A3} = {4F3D141D-2D3E-45CF-81D2-685034DEC8F9}
		{AF16FEED-FAD3-46D3-B830-4687C8F780F3} = {4F3D141D-2D3E-45CF-81D2-685034DEC8F9}
		{16312012-CB11-4BA8-844D-0AA1A73FCE4E} = {4F3D141D-2D3E-45CF-81D2-685034DEC8F9}
		{2888A5E2-89A5-4688-B192-32BAC16A881C} = {4F3D141D-2D3E-45CF-81D2-685034DEC8F9}
		{49E6E7DC-65EC-40F5-8872-8773907F67C6} = {4F3D141D-2D3E-45CF-81D2-685034DEC8F9}
	EndGlobalSection
EndGlobal
